
Microsoft Visual Studio Solution File, Format Version 12.00
# Visual Studio Version 17
VisualStudioVersion = 17.6.33815.320
MinimumVisualStudioVersion = 10.0.40219.1
Project("{FAE04EC0-301F-11D3-BF4B-00C04F79EFBC}") = "cvb.web", "cvb.web\cvb.web.csproj", "{7429C6ED-3174-44D7-87BE-B0A4B79A3B5E}"
EndProject
Project("{FAE04EC0-301F-11D3-BF4B-00C04F79EFBC}") = "cvb.dal", "cvb.dal\cvb.dal.csproj", "{F576548D-2967-42B0-8790-48A4E4C122A1}"
EndProject
Project("{FAE04EC0-301F-11D3-BF4B-00C04F79EFBC}") = "cvb.bll", "cvb.bll\cvb.bll.csproj", "{7C48EB2A-FFF3-4A59-8C60-2880A46FD2DD}"
EndProject
Global
	GlobalSection(SolutionConfigurationPlatforms) = preSolution
		Debug|Any CPU = Debug|Any CPU
		Release|Any CPU = Release|Any CPU
	EndGlobalSection
	GlobalSection(ProjectConfigurationPlatforms) = postSolution
		{7429C6ED-3174-44D7-87BE-B0A4B79A3B5E}.Debug|Any CPU.ActiveCfg = Debug|Any CPU
		{7429C6ED-3174-44D7-87BE-B0A4B79A3B5E}.Debug|Any CPU.Build.0 = Debug|Any CPU
		{7429C6ED-3174-44D7-87BE-B0A4B79A3B5E}.Release|Any CPU.ActiveCfg = Release|Any CPU
		{7429C6ED-3174-44D7-87BE-B0A4B79A3B5E}.Release|Any CPU.Build.0 = Release|Any CPU
		{F576548D-2967-42B0-8790-48A4E4C122A1}.Debug|Any CPU.ActiveCfg = Debug|Any CPU
		{F576548D-2967-42B0-8790-48A4E4C122A1}.Debug|Any CPU.Build.0 = Debug|Any CPU
		{F576548D-2967-42B0-8790-48A4E4C122A1}.Release|Any CPU.ActiveCfg = Release|Any CPU
		{F576548D-2967-42B0-8790-48A4E4C122A1}.Release|Any CPU.Build.0 = Release|Any CPU
		{7C48EB2A-FFF3-4A59-8C60-2880A46FD2DD}.Debug|Any CPU.ActiveCfg = Debug|Any CPU
		{7C48EB2A-FFF3-4A59-8C60-2880A46FD2DD}.Debug|Any CPU.Build.0 = Debug|Any CPU
		{7C48EB2A-FFF3-4A59-8C60-2880A46FD2DD}.Release|Any CPU.ActiveCfg = Release|Any CPU
		{7C48EB2A-FFF3-4A59-8C60-2880A46FD2DD}.Release|Any CPU.Build.0 = Release|Any CPU
	EndGlobalSection
	GlobalSection(SolutionProperties) = preSolution
		HideSolutionNode = FALSE
	EndGlobalSection
	GlobalSection(ExtensibilityGlobals) = postSolution
		SolutionGuid = {01A3DF11-448C-441B-BD7B-B32AAD981493}
	EndGlobalSection
EndGlobal
